
Microsoft Visual Studio Solution File, Format Version 12.00
# Visual Studio Version 16
VisualStudioVersion = 16.0.31515.178
MinimumVisualStudioVersion = 10.0.40219.1
Project("{9A19103F-16F7-4668-BE54-9A1E7A4F7556}") = "MerakiApiAutomation", "MerakiApiAutomation.csproj", "{A3ED26DF-70C1-45EE-953A-C9ED45F9BB70}"
EndProject
Project("{FAE04EC0-301F-11D3-BF4B-00C04F79EFBC}") = "TestMerakiApi", "..\TestMerakiApi\TestMerakiApi.csproj", "{461A1F27-2FCF-458E-83F1-782DDC68E08E}"
EndProject
Global
	GlobalSection(SolutionConfigurationPlatforms) = preSolution
		Debug|Any CPU = Debug|Any CPU
		Release|Any CPU = Release|Any CPU
	EndGlobalSection
	GlobalSection(ProjectConfigurationPlatforms) = postSolution
		{A3ED26DF-70C1-45EE-953A-C9ED45F9BB70}.Debug|Any CPU.ActiveCfg = Debug|Any CPU
		{A3ED26DF-70C1-45EE-953A-C9ED45F9BB70}.Debug|Any CPU.Build.0 = Debug|Any CPU
		{A3ED26DF-70C1-45EE-953A-C9ED45F9BB70}.Release|Any CPU.ActiveCfg = Release|Any CPU
		{A3ED26DF-70C1-45EE-953A-C9ED45F9BB70}.Release|Any CPU.Build.0 = Release|Any CPU
		{461A1F27-2FCF-458E-83F1-782DDC68E08E}.Debug|Any CPU.ActiveCfg = Debug|Any CPU
		{461A1F27-2FCF-458E-83F1-782DDC68E08E}.Debug|Any CPU.Build.0 = Debug|Any CPU
		{461A1F27-2FCF-458E-83F1-782DDC68E08E}.Release|Any CPU.ActiveCfg = Release|Any CPU
		{461A1F27-2FCF-458E-83F1-782DDC68E08E}.Release|Any CPU.Build.0 = Release|Any CPU
	EndGlobalSection
	GlobalSection(SolutionProperties) = preSolution
		HideSolutionNode = FALSE
	EndGlobalSection
	GlobalSection(ExtensibilityGlobals) = postSolution
		SolutionGuid = {6E0F4093-AFBE-428E-8355-5B035A822A52}
	EndGlobalSection
EndGlobal
